{
  "name": "fx-wasm-sdk-node-tests",
  "lockfileVersion": 3,
  "requires": true,
  "packages": {
    "": {
      "name": "fx-wasm-sdk-node-tests",
      "devDependencies": {
        "@xterm/headless": "6.0.0"
      }
    },
    "node_modules/@xterm/headless": {
      "version": "6.0.0",
      "integrity": "sha512-5Yj1QINYCyzrZtf8OFIHi47iQtI+0qYFPHmouEfG8dHNxbZ9Tb9YGSuLcsEwj9Z+OL75GJqPyJbyoFer80a2Hw==",
      "dev": true,
      "license": "MIT",
      "workspaces": [
        "addons/*"
      ]
    }
  }
}
